// !$*UTF8*$!
{
	archiveVersion = 1;
	classes = {
	};
	objectVersion = 50;
	objects = {

/* Begin PBXBuildFile section */
		842AC5D22473AA68003DBDED /* AppDelegate.swift in Sources */ = {isa = PBXBuildFile; fileRef = 842AC5D12473AA68003DBDED /* AppDelegate.swift */; };
		842AC5D42473AA68003DBDED /* SceneDelegate.swift in Sources */ = {isa = PBXBuildFile; fileRef = 842AC5D32473AA68003DBDED /* SceneDelegate.swift */; };
		842AC5D62473AA68003DBDED /* ViewController.swift in Sources */ = {isa = PBXBuildFile; fileRef = 842AC5D52473AA68003DBDED /* ViewController.swift */; };
		842AC5D92473AA68003DBDED /* Main.storyboard in Resources */ = {isa = PBXBuildFile; fileRef = 842AC5D72473AA68003DBDED /* Main.storyboard */; };
		842AC5DB2473AA6A003DBDED /* Assets.xcassets in Resources */ = {isa = PBXBuildFile; fileRef = 842AC5DA2473AA6A003DBDED /* Assets.xcassets */; };
		842AC5DE2473AA6A003DBDED /* LaunchScreen.storyboard in Resources */ = {isa = PBXBuildFile; fileRef = 842AC5DC2473AA6A003DBDED /* LaunchScreen.storyboard */; };
/* End PBXBuildFile section */

/* Begin PBXFileReference section */
		842AC5CE2473AA68003DBDED /* TwoColorsApp.app */ = {isa = PBXFileReference; explicitFileType = wrapper.application; includeInIndex = 0; path = TwoColorsApp.app; sourceTree = BUILT_PRODUCTS_DIR; };
		842AC5D12473AA68003DBDED /* AppDelegate.swift */ = {isa = PBXFileReference; lastKnownFileType = sourcecode.swift; path = AppDelegate.swift; sourceTree = "<group>"; };
		842AC5D32473AA68003DBDED /* SceneDelegate.swift */ = {isa = PBXFileReference; lastKnownFileType = sourcecode.swift; path = SceneDelegate.swift; sourceTree = "<group>"; };
		842AC5D52473AA68003DBDED /* ViewController.swift */ = {isa = PBXFileReference; lastKnownFileType = sourcecode.swift; path = ViewController.swift; sourceTree = "<group>"; };
		842AC5D82473AA68003DBDED /* Base */ = {isa = PBXFileReference; lastKnownFileType = file.storyboard; name = Base; path = Base.lproj/Main.storyboard; sourceTree = "<group>"; };
		842AC5DA2473AA6A003DBDED /* Assets.xcassets */ = {isa = PBXFileReference; lastKnownFileType = folder.assetcatalog; path = Assets.xcassets; sourceTree = "<group>"; };
		842AC5DD2473AA6A003DBDED /* Base */ = {isa = PBXFileReference; lastKnownFileType = file.storyboard; name = Base; path = Base.lproj/LaunchScreen.storyboard; sourceTree = "<group>"; };
		842AC5DF2473AA6A003DBDED /* Info.plist */ = {isa = PBXFileReference; lastKnownFileType = text.plist.xml; path = Info.plist; sourceTree = "<group>"; };
/* End PBXFileReference section */

/* Begin PBXFrameworksBuildPhase section */
		842AC5CB2473AA68003DBDED /* Frameworks */ = {
			isa = PBXFrameworksBuildPhase;
			buildActionMask = 2147483647;
			files = (
			);
			runOnlyForDeploymentPostprocessing = 0;
		};
/* End PBXFrameworksBuildPhase section */

/* Begin PBXGroup section */
		842AC5C52473AA68003DBDED = {
			isa = PBXGroup;
			children = (
				842AC5D02473AA68003DBDED /* TwoColorsApp */,
				842AC5CF2473AA68003DBDED /* Products */,
			);
			sourceTree = "<group>";
		};
		842AC5CF2473AA68003DBDED /* Products */ = {
			isa = PBXGroup;
			children = (
				842AC5CE2473AA68003DBDED /* TwoColorsApp.app */,
			);
			name = Products;
			sourceTree = "<group>";
		};
		842AC5D02473AA68003DBDED /* TwoColorsApp */ = {
			isa = PBXGroup;
			children = (
				842AC5D12473AA68003DBDED /* AppDelegate.swift */,
				842AC5D32473AA68003DBDED /* SceneDelegate.swift */,
				842AC5D52473AA68003DBDED /* ViewController.swift */,
				842AC5D72473AA68003DBDED /* Main.storyboard */,
				842AC5DA2473AA6A003DBDED /* Assets.xcassets */,
				842AC5DC2473AA6A003DBDED /* LaunchScreen.storyboard */,
				842AC5DF2473AA6A003DBDED /* Info.plist */,
			);
			path = TwoColorsApp;
			sourceTree = "<group>";
		};
/* End PBXGroup section */

/* Begin PBXNativeTarget section */
		842AC5CD2473AA68003DBDED /* TwoColorsApp */ = {
			isa = PBXNativeTarget;
			buildConfigurationList = 842AC5E22473AA6A003DBDED /* Build configuration list for PBXNativeTarget "TwoColorsApp" */;
			buildPhases = (
				842AC5CA2473AA68003DBDED /* Sources */,
				842AC5CB2473AA68003DBDED /* Frameworks */,
				842AC5CC2473AA68003DBDED /* Resources */,
			);
			buildRules = (
			);
			dependencies = (
			);
			name = TwoColorsApp;
			productName = TwoColorsApp;
			productReference = 842AC5CE2473AA68003DBDED /* TwoColorsApp.app */;
			productType = "com.apple.product-type.application";
		};
/* End PBXNativeTarget section */

/* Begin PBXProject section */
		842AC5C62473AA68003DBDED /* Project object */ = {
			isa = PBXProject;
			attributes = {
				LastSwiftUpdateCheck = 1140;
				LastUpgradeCheck = 1140;
				ORGANIZATIONNAME = "Nikita Begletskiy";
				TargetAttributes = {
					842AC5CD2473AA68003DBDED = {
						CreatedOnToolsVersion = 11.4.1;
					};
				};
			};
			buildConfigurationList = 842AC5C92473AA68003DBDED /* Build configuration list for PBXProject "TwoColorsApp" */;
			compatibilityVersion = "Xcode 9.3";
			developmentRegion = en;
			hasScannedForEncodings = 0;
			knownRegions = (
				en,
				Base,
			);
			mainGroup = 842AC5C52473AA68003DBDED;
			productRefGroup = 842AC5CF2473AA68003DBDED /* Products */;
			projectDirPath = "";
			projectRoot = "";
			targets = (
				842AC5CD2473AA68003DBDED /* TwoColorsApp */,
			);
		};
/* End PBXProject section */

/* Begin PBXResourcesBuildPhase section */
		842AC5CC2473AA68003DBDED /* Resources */ = {
			isa = PBXResourcesBuildPhase;
			buildActionMask = 2147483647;
			files = (
				842AC5DE2473AA6A003DBDED /* LaunchScreen.storyboard in Resources */,
				842AC5DB2473AA6A003DBDED /* Assets.xcassets in Resources */,
				842AC5D92473AA68003DBDED /* Main.storyboard in Resources */,
			);
			runOnlyForDeploymentPostprocessing = 0;
		};
/* End PBXResourcesBuildPhase section */

/* Begin PBXSourcesBuildPhase section */
		842AC5CA2473AA68003DBDED /* Sources */ = {
			isa = PBXSourcesBuildPhase;
			buildActionMask = 2147483647;
			files = (
				842AC5D62473AA68003DBDED /* ViewController.swift in Sources */,
				842AC5D22473AA68003DBDED /* AppDelegate.swift in Sources */,
				842AC5D42473AA68003DBDED /* SceneDelegate.swift in Sources */,
			);
			runOnlyForDeploymentPostprocessing = 0;
		};
/* End PBXSourcesBuildPhase section */

/* Begin PBXVariantGroup section */
		842AC5D72473AA68003DBDED /* Main.storyboard */ = {
			isa = PBXVariantGroup;
			children = (
				842AC5D82473AA68003DBDED /* Base */,
			);
			name = Main.storyboard;
			sourceTree = "<group>";
		};
		842AC5DC2473AA6A003DBDED /* LaunchScreen.storyboard */ = {
			isa = PBXVariantGroup;
			children = (
				842AC5DD2473AA6A003DBDED /* Base */,
			);
			name = LaunchScreen.storyboard;
			sourceTree = "<group>";
		};
/* End PBXVariantGroup section */

/* Begin XCBuildConfiguration section */
		842AC5E02473AA6A003DBDED /* Debug */ = {
			isa = XCBuildConfiguration;
			buildSettings = {
				ALWAYS_SEARCH_USER_PATHS = NO;
				CLANG_ANALYZER_NONNULL = YES;
				CLANG_ANALYZER_NUMBER_OBJECT_CONVERSION = YES_AGGRESSIVE;
				CLANG_CXX_LANGUAGE_STANDARD = "gnu++14";
				CLANG_CXX_LIBRARY = "libc++";
				CLANG_ENABLE_MODULES = YES;
				CLANG_ENABLE_OBJC_ARC = YES;
				CLANG_ENABLE_OBJC_WEAK = YES;
				CLANG_WARN_BLOCK_CAPTURE_AUTORELEASING = YES;
				CLANG_WARN_BOOL_CONVERSION = YES;
				CLANG_WARN_COMMA = YES;
				CLANG_WARN_CONSTANT_CONVERSION = YES;
				CLANG_WARN_DEPRECATED_OBJC_IMPLEMENTATIONS = YES;
				CLANG_WARN_DIRECT_OBJC_ISA_USAGE = YES_ERROR;
				CLANG_WARN_DOCUMENTATION_COMMENTS = YES;
				CLANG_WARN_EMPTY_BODY = YES;
				CLANG_WARN_ENUM_CONVERSION = YES;
				CLANG_WARN_INFINITE_RECURSION = YES;
				CLANG_WARN_INT_CONVERSION = YES;
				CLANG_WARN_NON_LITERAL_NULL_CONVERSION = YES;
				CLANG_WARN_OBJC_IMPLICIT_RETAIN_SELF = YES;
				CLANG_WARN_OBJC_LITERAL_CONVERSION = YES;
				CLANG_WARN_OBJC_ROOT_CLASS = YES_ERROR;
				CLANG_WARN_RANGE_LOOP_ANALYSIS = YES;
				CLANG_WARN_STRICT_PROTOTYPES = YES;
				CLANG_WARN_SUSPICIOUS_MOVE = YES;
				CLANG_WARN_UNGUARDED_AVAILABILITY = YES_AGGRESSIVE;
				CLANG_WARN_UNREACHABLE_CODE = YES;
				CLANG_WARN__DUPLICATE_METHOD_MATCH = YES;
				COPY_PHASE_STRIP = NO;
				DEBUG_INFORMATION_FORMAT = dwarf;
				ENABLE_STRICT_OBJC_MSGSEND = YES;
				ENABLE_TESTABILITY = YES;
				GCC_C_LANGUAGE_STANDARD = gnu11;
				GCC_DYNAMIC_NO_PIC = NO;
				GCC_NO_COMMON_BLOCKS = YES;
				GCC_OPTIMIZATION_LEVEL = 0;
				GCC_PREPROCESSOR_DEFINITIONS = (
					"DEBUG=1",
					"$(inherited)",
				);
				GCC_WARN_64_TO_32_BIT_CONVERSION = YES;
				GCC_WARN_ABOUT_RETURN_TYPE = YES_ERROR;
				GCC_WARN_UNDECLARED_SELECTOR = YES;
				GCC_WARN_UNINITIALIZED_AUTOS = YES_AGGRESSIVE;
				GCC_WARN_UNUSED_FUNCTION = YES;
				GCC_WARN_UNUSED_VARIABLE = YES;
				IPHONEOS_DEPLOYMENT_TARGET = 13.4;
				MTL_ENABLE_DEBUG_INFO = INCLUDE_SOURCE;
				MTL_FAST_MATH = YES;
				ONLY_ACTIVE_ARCH = YES;
				SDKROOT = iphoneos;
				SWIFT_ACTIVE_COMPILATION_CONDITIONS = DEBUG;
				SWIFT_OPTIMIZATION_LEVEL = "-Onone";
			};
			name = Debug;
		};
		842AC5E12473AA6A003DBDED /* Release */ = {
			isa = XCBuildConfiguration;
			buildSettings = {
				ALWAYS_SEARCH_USER_PATHS = NO;
				CLANG_ANALYZER_NONNULL = YES;
				CLANG_ANALYZER_NUMBER_OBJECT_CONVERSION = YES_AGGRESSIVE;
				CLANG_CXX_LANGUAGE_STANDARD = "gnu++14";
				CLANG_CXX_LIBRARY = "libc++";
				CLANG_ENABLE_MODULES = YES;
				CLANG_ENABLE_OBJC_ARC = YES;
				CLANG_ENABLE_OBJC_WEAK = YES;
				CLANG_WARN_BLOCK_CAPTURE_AUTORELEASING = YES;
				CLANG_WARN_BOOL_CONVERSION = YES;
				CLANG_WARN_COMMA = YES;
				CLANG_WARN_CONSTANT_CONVERSION = YES;
				CLANG_WARN_DEPRECATED_OBJC_IMPLEMENTATIONS = YES;
				CLANG_WARN_DIRECT_OBJC_ISA_USAGE = YES_ERROR;
				CLANG_WARN_DOCUMENTATION_COMMENTS = YES;
				CLANG_WARN_EMPTY_BODY = YES;
				CLANG_WARN_ENUM_CONVERSION = YES;
				CLANG_WARN_INFINITE_RECURSION = YES;
				CLANG_WARN_INT_CONVERSION = YES;
				CLANG_WARN_NON_LITERAL_NULL_CONVERSION = YES;
				CLANG_WARN_OBJC_IMPLICIT_RETAIN_SELF = YES;
				CLANG_WARN_OBJC_LITERAL_CONVERSION = YES;
				CLANG_WARN_OBJC_ROOT_CLASS = YES_ERROR;
				CLANG_WARN_RANGE_LOOP_ANALYSIS = YES;
				CLANG_WARN_STRICT_PROTOTYPES = YES;
				CLANG_WARN_SUSPICIOUS_MOVE = YES;
				CLANG_WARN_UNGUARDED_AVAILABILITY = YES_AGGRESSIVE;
				CLANG_WARN_UNREACHABLE_CODE = YES;
				CLANG_WARN__DUPLICATE_METHOD_MATCH = YES;
				COPY_PHASE_STRIP = NO;
				DEBUG_INFORMATION_FORMAT = "dwarf-with-dsym";
				ENABLE_NS_ASSERTIONS = NO;
				ENABLE_STRICT_OBJC_MSGSEND = YES;
				GCC_C_LANGUAGE_STANDARD = gnu11;
				GCC_NO_COMMON_BLOCKS = YES;
				GCC_WARN_64_TO_32_BIT_CONVERSION = YES;
				GCC_WARN_ABOUT_RETURN_TYPE = YES_ERROR;
				GCC_WARN_UNDECLARED_SELECTOR = YES;
				GCC_WARN_UNINITIALIZED_AUTOS = YES_AGGRESSIVE;
				GCC_WARN_UNUSED_FUNCTION = YES;
				GCC_WARN_UNUSED_VARIABLE = YES;
				IPHONEOS_DEPLOYMENT_TARGET = 13.4;
				MTL_ENABLE_DEBUG_INFO = NO;
				MTL_FAST_MATH = YES;
				SDKROOT = iphoneos;
				SWIFT_COMPILATION_MODE = wholemodule;
				SWIFT_OPTIMIZATION_LEVEL = "-O";
				VALIDATE_PRODUCT = YES;
			};
			name = Release;
		};
		842AC5E32473AA6A003DBDED /* Debug */ = {
			isa = XCBuildConfiguration;
			buildSettings = {
				ASSETCATALOG_COMPILER_APPICON_NAME = AppIcon;
				CODE_SIGN_STYLE = Automatic;
				DEVELOPMENT_TEAM = YK2X3DL675;
				INFOPLIST_FILE = TwoColorsApp/Info.plist;
				LD_RUNPATH_SEARCH_PATHS = (
					"$(inherited)",
					"@executable_path/Frameworks",
				);
				PRODUCT_BUNDLE_IDENTIFIER = com.begletskiy.TwoColorsApp;
				PRODUCT_NAME = "$(TARGET_NAME)";
				SWIFT_VERSION = 5.0;
				TARGETED_DEVICE_FAMILY = 1;
			};
			name = Debug;
		};
		842AC5E42473AA6A003DBDED /* Release */ = {
			isa = XCBuildConfiguration;
			buildSettings = {
				ASSETCATALOG_COMPILER_APPICON_NAME = AppIcon;
				CODE_SIGN_STYLE = Automatic;
				DEVELOPMENT_TEAM = YK2X3DL675;
				INFOPLIST_FILE = TwoColorsApp/Info.plist;
				LD_RUNPATH_SEARCH_PATHS = (
					"$(inherited)",
					"@executable_path/Frameworks",
				);
				PRODUCT_BUNDLE_IDENTIFIER = com.begletskiy.TwoColorsApp;
				PRODUCT_NAME = "$(TARGET_NAME)";
				SWIFT_VERSION = 5.0;
				TARGETED_DEVICE_FAMILY = 1;
			};
			name = Release;
		};
/* End XCBuildConfiguration section */

/* Begin XCConfigurationList section */
		842AC5C92473AA68003DBDED /* Build configuration list for PBXProject "TwoColorsApp" */ = {
			isa = XCConfigurationList;
			buildConfigurations = (
				842AC5E02473AA6A003DBDED /* Debug */,
				842AC5E12473AA6A003DBDED /* Release */,
			);
			defaultConfigurationIsVisible = 0;
			defaultConfigurationName = Release;
		};
		842AC5E22473AA6A003DBDED /* Build configuration list for PBXNativeTarget "TwoColorsApp" */ = {
			isa = XCConfigurationList;
			buildConfigurations = (
				842AC5E32473AA6A003DBDED /* Debug */,
				842AC5E42473AA6A003DBDED /* Release */,
			);
			defaultConfigurationIsVisible = 0;
			defaultConfigurationName = Release;
		};
/* End XCConfigurationList section */
	};
	rootObject = 842AC5C62473AA68003DBDED /* Project object */;
}
